
Microsoft Visual Studio Solution File, Format Version 12.00
# Visual Studio 15
VisualStudioVersion = 15.0.26430.16
MinimumVisualStudioVersion = 10.0.40219.1
Project("{FAE04EC0-301F-11D3-BF4B-00C04F79EFBC}") = "ForeignExchange.Android", "ForeignExchange\ForeignExchange.Android\ForeignExchange.Android.csproj", "{D1B76A31-0666-4711-8B99-8B24A875F6E5}"
EndProject
Project("{FAE04EC0-301F-11D3-BF4B-00C04F79EFBC}") = "ForeignExchange", "ForeignExchange\ForeignExchange\ForeignExchange.csproj", "{F1E65C68-37CC-4B78-88EF-9F80085984A0}"
EndProject
Project("{FAE04EC0-301F-11D3-BF4B-00C04F79EFBC}") = "ForeignExchange.UWP", "ForeignExchange\ForeignExchange.UWP\ForeignExchange.UWP.csproj", "{F1A2D159-7C8B-4124-9A05-0776D6B0E9A5}"
EndProject
Project("{FAE04EC0-301F-11D3-BF4B-00C04F79EFBC}") = "ForeignExchange.iOS", "ForeignExchange\ForeignExchange.iOS\ForeignExchange.iOS.csproj", "{2AC82DC1-6461-463D-858D-2880C9AD960E}"
EndProject
Global
	GlobalSection(SolutionConfigurationPlatforms) = preSolution
		Ad-Hoc|Any CPU = Ad-Hoc|Any CPU
		Ad-Hoc|ARM = Ad-Hoc|ARM
		Ad-Hoc|iPhone = Ad-Hoc|iPhone
		Ad-Hoc|iPhoneSimulator = Ad-Hoc|iPhoneSimulator
		Ad-Hoc|x64 = Ad-Hoc|x64
		Ad-Hoc|x86 = Ad-Hoc|x86
		AppStore|Any CPU = AppStore|Any CPU
		AppStore|ARM = AppStore|ARM
		AppStore|iPhone = AppStore|iPhone
		AppStore|iPhoneSimulator = AppStore|iPhoneSimulator
		AppStore|x64 = AppStore|x64
		AppStore|x86 = AppStore|x86
		Debug|Any CPU = Debug|Any CPU
		Debug|ARM = Debug|ARM
		Debug|iPhone = Debug|iPhone
		Debug|iPhoneSimulator = Debug|iPhoneSimulator
		Debug|x64 = Debug|x64
		Debug|x86 = Debug|x86
		Release|Any CPU = Release|Any CPU
		Release|ARM = Release|ARM
		Release|iPhone = Release|iPhone
		Release|iPhoneSimulator = Release|iPhoneSimulator
		Release|x64 = Release|x64
		Release|x86 = Release|x86
	EndGlobalSection
	GlobalSection(ProjectConfigurationPlatforms) = postSolution
		{D1B76A31-0666-4711-8B99-8B24A875F6E5}.Ad-Hoc|Any CPU.ActiveCfg = Release|Any CPU
		{D1B76A31-0666-4711-8B99-8B24A875F6E5}.Ad-Hoc|Any CPU.Build.0 = Release|Any CPU
		{D1B76A31-0666-4711-8B99-8B24A875F6E5}.Ad-Hoc|Any CPU.Deploy.0 = Release|Any CPU
		{D1B76A31-0666-4711-8B99-8B24A875F6E5}.Ad-Hoc|ARM.ActiveCfg = Release|Any CPU
		{D1B76A31-0666-4711-8B99-8B24A875F6E5}.Ad-Hoc|ARM.Build.0 = Release|Any CPU
		{D1B76A31-0666-4711-8B99-8B24A875F6E5}.Ad-Hoc|ARM.Deploy.0 = Release|Any CPU
		{D1B76A31-0666-4711-8B99-8B24A875F6E5}.Ad-Hoc|iPhone.ActiveCfg = Release|Any CPU
		{D1B76A31-0666-4711-8B99-8B24A875F6E5}.Ad-Hoc|iPhone.Build.0 = Release|Any CPU
		{D1B76A31-0666-4711-8B99-8B24A875F6E5}.Ad-Hoc|iPhone.Deploy.0 = Release|Any CPU
		{D1B76A31-0666-4711-8B99-8B24A875F6E5}.Ad-Hoc|iPhoneSimulator.ActiveCfg = Release|Any CPU
		{D1B76A31-0666-4711-8B99-8B24A875F6E5}.Ad-Hoc|iPhoneSimulator.Build.0 = Release|Any CPU
		{D1B76A31-0666-4711-8B99-8B24A875F6E5}.Ad-Hoc|iPhoneSimulator.Deploy.0 = Release|Any CPU
		{D1B76A31-0666-4711-8B99-8B24A875F6E5}.Ad-Hoc|x64.ActiveCfg = Release|Any CPU
		{D1B76A31-0666-4711-8B99-8B24A875F6E5}.Ad-Hoc|x64.Build.0 = Release|Any CPU
		{D1B76A31-0666-4711-8B99-8B24A875F6E5}.Ad-Hoc|x64.Deploy.0 = Release|Any CPU
		{D1B76A31-0666-4711-8B99-8B24A875F6E5}.Ad-Hoc|x86.ActiveCfg = Release|Any CPU
		{D1B76A31-0666-4711-8B99-8B24A875F6E5}.Ad-Hoc|x86.Build.0 = Release|Any CPU
		{D1B76A31-0666-4711-8B99-8B24A875F6E5}.Ad-Hoc|x86.Deploy.0 = Release|Any CPU
		{D1B76A31-0666-4711-8B99-8B24A875F6E5}.AppStore|Any CPU.ActiveCfg = Release|Any CPU
		{D1B76A31-0666-4711-8B99-8B24A875F6E5}.AppStore|Any CPU.Build.0 = Release|Any CPU
		{D1B76A31-0666-4711-8B99-8B24A875F6E5}.AppStore|Any CPU.Deploy.0 = Release|Any CPU
		{D1B76A31-0666-4711-8B99-8B24A875F6E5}.AppStore|ARM.ActiveCfg = Release|Any CPU
		{D1B76A31-0666-4711-8B99-8B24A875F6E5}.AppStore|ARM.Build.0 = Release|Any CPU
		{D1B76A31-0666-4711-8B99-8B24A875F6E5}.AppStore|ARM.Deploy.0 = Release|Any CPU
		{D1B76A31-0666-4711-8B99-8B24A875F6E5}.AppStore|iPhone.ActiveCfg = Release|Any CPU
		{D1B76A31-0666-4711-8B99-8B24A875F6E5}.AppStore|iPhone.Build.0 = Release|Any CPU
		{D1B76A31-0666-4711-8B99-8B24A875F6E5}.AppStore|iPhone.Deploy.0 = Release|Any CPU
		{D1B76A31-0666-4711-8B99-8B24A875F6E5}.AppStore|iPhoneSimulator.ActiveCfg = Release|Any CPU
		{D1B76A31-0666-4711-8B99-8B24A875F6E5}.AppStore|iPhoneSimulator.Build.0 = Release|Any CPU
		{D1B76A31-0666-4711-8B99-8B24A875F6E5}.AppStore|iPhoneSimulator.Deploy.0 = Release|Any CPU
		{D1B76A31-0666-4711-8B99-8B24A875F6E5}.AppStore|x64.ActiveCfg = Release|Any CPU
		{D1B76A31-0666-4711-8B99-8B24A875F6E5}.AppStore|x64.Build.0 = Release|Any CPU
		{D1B76A31-0666-4711-8B99-8B24A875F6E5}.AppStore|x64.Deploy.0 = Release|Any CPU
		{D1B76A31-0666-4711-8B99-8B24A875F6E5}.AppStore|x86.ActiveCfg = Release|Any CPU
		{D1B76A31-0666-4711-8B99-8B24A875F6E5}.AppStore|x86.Build.0 = Release|Any CPU
		{D1B76A31-0666-4711-8B99-8B24A875F6E5}.AppStore|x86.Deploy.0 = Release|Any CPU
		{D1B76A31-0666-4711-8B99-8B24A875F6E5}.Debug|Any CPU.ActiveCfg = Debug|Any CPU
		{D1B76A31-0666-4711-8B99-8B24A875F6E5}.Debug|Any CPU.Build.0 = Debug|Any CPU
		{D1B76A31-0666-4711-8B99-8B24A875F6E5}.Debug|Any CPU.Deploy.0 = Debug|Any CPU
		{D1B76A31-0666-4711-8B99-8B24A875F6E5}.Debug|ARM.ActiveCfg = Debug|Any CPU
		{D1B76A31-0666-4711-8B99-8B24A875F6E5}.Debug|ARM.Build.0 = Debug|Any CPU
		{D1B76A31-0666-4711-8B99-8B24A875F6E5}.Debug|ARM.Deploy.0 = Debug|Any CPU
		{D1B76A31-0666-4711-8B99-8B24A875F6E5}.Debug|iPhone.ActiveCfg = Debug|Any CPU
		{D1B76A31-0666-4711-8B99-8B24A875F6E5}.Debug|iPhone.Build.0 = Debug|Any CPU
		{D1B76A31-0666-4711-8B99-8B24A875F6E5}.Debug|iPhone.Deploy.0 = Debug|Any CPU
		{D1B76A31-0666-4711-8B99-8B24A875F6E5}.Debug|iPhoneSimulator.ActiveCfg = Debug|Any CPU
		{D1B76A31-0666-4711-8B99-8B24A875F6E5}.Debug|iPhoneSimulator.Build.0 = Debug|Any CPU
		{D1B76A31-0666-4711-8B99-8B24A875F6E5}.Debug|iPhoneSimulator.Deploy.0 = Debug|Any CPU
		{D1B76A31-0666-4711-8B99-8B24A875F6E5}.Debug|x64.ActiveCfg = Debug|Any CPU
		{D1B76A31-0666-4711-8B99-8B24A875F6E5}.Debug|x64.Build.0 = Debug|Any CPU
		{D1B76A31-0666-4711-8B99-8B24A875F6E5}.Debug|x64.Deploy.0 = Debug|Any CPU
		{D1B76A31-0666-4711-8B99-8B24A875F6E5}.Debug|x86.ActiveCfg = Debug|Any CPU
		{D1B76A31-0666-4711-8B99-8B24A875F6E5}.Debug|x86.Build.0 = Debug|Any CPU
		{D1B76A31-0666-4711-8B99-8B24A875F6E5}.Debug|x86.Deploy.0 = Debug|Any CPU
		{D1B76A31-0666-4711-8B99-8B24A875F6E5}.Release|Any CPU.ActiveCfg = Release|Any CPU
		{D1B76A31-0666-4711-8B99-8B24A875F6E5}.Release|Any CPU.Build.0 = Release|Any CPU
		{D1B76A31-0666-4711-8B99-8B24A875F6E5}.Release|Any CPU.Deploy.0 = Release|Any CPU
		{D1B76A31-0666-4711-8B99-8B24A875F6E5}.Release|ARM.ActiveCfg = Release|Any CPU
		{D1B76A31-0666-4711-8B99-8B24A875F6E5}.Release|ARM.Build.0 = Release|Any CPU
		{D1B76A31-0666-4711-8B99-8B24A875F6E5}.Release|ARM.Deploy.0 = Release|Any CPU
		{D1B76A31-0666-4711-8B99-8B24A875F6E5}.Release|iPhone.ActiveCfg = Release|Any CPU
		{D1B76A31-0666-4711-8B99-8B24A875F6E5}.Release|iPhone.Build.0 = Release|Any CPU
		{D1B76A31-0666-4711-8B99-8B24A875F6E5}.Release|iPhone.Deploy.0 = Release|Any CPU
		{D1B76A31-0666-4711-8B99-8B24A875F6E5}.Release|iPhoneSimulator.ActiveCfg = Release|Any CPU
		{D1B76A31-0666-4711-8B99-8B24A875F6E5}.Release|iPhoneSimulator.Build.0 = Release|Any CPU
		{D1B76A31-0666-4711-8B99-8B24A875F6E5}.Release|iPhoneSimulator.Deploy.0 = Release|Any CPU
		{D1B76A31-0666-4711-8B99-8B24A875F6E5}.Release|x64.ActiveCfg = Release|Any CPU
		{D1B76A31-0666-4711-8B99-8B24A875F6E5}.Release|x64.Build.0 = Release|Any CPU
		{D1B76A31-0666-4711-8B99-8B24A875F6E5}.Release|x64.Deploy.0 = Release|Any CPU
		{D1B76A31-0666-4711-8B99-8B24A875F6E5}.Release|x86.ActiveCfg = Release|Any CPU
		{D1B76A31-0666-4711-8B99-8B24A875F6E5}.Release|x86.Build.0 = Release|Any CPU
		{D1B76A31-0666-4711-8B99-8B24A875F6E5}.Release|x86.Deploy.0 = Release|Any CPU
		{F1E65C68-37CC-4B78-88EF-9F80085984A0}.Ad-Hoc|Any CPU.ActiveCfg = Release|Any CPU
		{F1E65C68-37CC-4B78-88EF-9F80085984A0}.Ad-Hoc|Any CPU.Build.0 = Release|Any CPU
		{F1E65C68-37CC-4B78-88EF-9F80085984A0}.Ad-Hoc|ARM.ActiveCfg = Release|Any CPU
		{F1E65C68-37CC-4B78-88EF-9F80085984A0}.Ad-Hoc|ARM.Build.0 = Release|Any CPU
		{F1E65C68-37CC-4B78-88EF-9F80085984A0}.Ad-Hoc|iPhone.ActiveCfg = Release|Any CPU
		{F1E65C68-37CC-4B78-88EF-9F80085984A0}.Ad-Hoc|iPhone.Build.0 = Release|Any CPU
		{F1E65C68-37CC-4B78-88EF-9F80085984A0}.Ad-Hoc|iPhoneSimulator.ActiveCfg = Release|Any CPU
		{F1E65C68-37CC-4B78-88EF-9F80085984A0}.Ad-Hoc|iPhoneSimulator.Build.0 = Release|Any CPU
		{F1E65C68-37CC-4B78-88EF-9F80085984A0}.Ad-Hoc|x64.ActiveCfg = Release|Any CPU
		{F1E65C68-37CC-4B78-88EF-9F80085984A0}.Ad-Hoc|x64.Build.0 = Release|Any CPU
		{F1E65C68-37CC-4B78-88EF-9F80085984A0}.Ad-Hoc|x86.ActiveCfg = Release|Any CPU
		{F1E65C68-37CC-4B78-88EF-9F80085984A0}.Ad-Hoc|x86.Build.0 = Release|Any CPU
		{F1E65C68-37CC-4B78-88EF-9F80085984A0}.AppStore|Any CPU.ActiveCfg = Release|Any CPU
		{F1E65C68-37CC-4B78-88EF-9F80085984A0}.AppStore|Any CPU.Build.0 = Release|Any CPU
		{F1E65C68-37CC-4B78-88EF-9F80085984A0}.AppStore|ARM.ActiveCfg = Release|Any CPU
		{F1E65C68-37CC-4B78-88EF-9F80085984A0}.AppStore|ARM.Build.0 = Release|Any CPU
		{F1E65C68-37CC-4B78-88EF-9F80085984A0}.AppStore|iPhone.ActiveCfg = Release|Any CPU
		{F1E65C68-37CC-4B78-88EF-9F80085984A0}.AppStore|iPhone.Build.0 = Release|Any CPU
		{F1E65C68-37CC-4B78-88EF-9F80085984A0}.AppStore|iPhoneSimulator.ActiveCfg = Release|Any CPU
		{F1E65C68-37CC-4B78-88EF-9F80085984A0}.AppStore|iPhoneSimulator.Build.0 = Release|Any CPU
		{F1E65C68-37CC-4B78-88EF-9F80085984A0}.AppStore|x64.ActiveCfg = Release|Any CPU
		{F1E65C68-37CC-4B78-88EF-9F80085984A0}.AppStore|x64.Build.0 = Release|Any CPU
		{F1E65C68-37CC-4B78-88EF-9F80085984A0}.AppStore|x86.ActiveCfg = Release|Any CPU
		{F1E65C68-37CC-4B78-88EF-9F80085984A0}.AppStore|x86.Build.0 = Release|Any CPU
		{F1E65C68-37CC-4B78-88EF-9F80085984A0}.Debug|Any CPU.ActiveCfg = Debug|Any CPU
		{F1E65C68-37CC-4B78-88EF-9F80085984A0}.Debug|Any CPU.Build.0 = Debug|Any CPU
		{F1E65C68-37CC-4B78-88EF-9F80085984A0}.Debug|ARM.ActiveCfg = Debug|Any CPU
		{F1E65C68-37CC-4B78-88EF-9F80085984A0}.Debug|ARM.Build.0 = Debug|Any CPU
		{F1E65C68-37CC-4B78-88EF-9F80085984A0}.Debug|iPhone.ActiveCfg = Debug|Any CPU
		{F1E65C68-37CC-4B78-88EF-9F80085984A0}.Debug|iPhone.Build.0 = Debug|Any CPU
		{F1E65C68-37CC-4B78-88EF-9F80085984A0}.Debug|iPhoneSimulator.ActiveCfg = Debug|Any CPU
		{F1E65C68-37CC-4B78-88EF-9F80085984A0}.Debug|iPhoneSimulator.Build.0 = Debug|Any CPU
		{F1E65C68-37CC-4B78-88EF-9F80085984A0}.Debug|x64.ActiveCfg = Debug|Any CPU
		{F1E65C68-37CC-4B78-88EF-9F80085984A0}.Debug|x64.Build.0 = Debug|Any CPU
		{F1E65C68-37CC-4B78-88EF-9F80085984A0}.Debug|x86.ActiveCfg = Debug|Any CPU
		{F1E65C68-37CC-4B78-88EF-9F80085984A0}.Debug|x86.Build.0 = Debug|Any CPU
		{F1E65C68-37CC-4B78-88EF-9F80085984A0}.Release|Any CPU.ActiveCfg = Release|Any CPU
		{F1E65C68-37CC-4B78-88EF-9F80085984A0}.Release|Any CPU.Build.0 = Release|Any CPU
		{F1E65C68-37CC-4B78-88EF-9F80085984A0}.Release|ARM.ActiveCfg = Release|Any CPU
		{F1E65C68-37CC-4B78-88EF-9F80085984A0}.Release|ARM.Build.0 = Release|Any CPU
		{F1E65C68-37CC-4B78-88EF-9F80085984A0}.Release|iPhone.ActiveCfg = Release|Any CPU
		{F1E65C68-37CC-4B78-88EF-9F80085984A0}.Release|iPhone.Build.0 = Release|Any CPU
		{F1E65C68-37CC-4B78-88EF-9F80085984A0}.Release|iPhoneSimulator.ActiveCfg = Release|Any CPU
		{F1E65C68-37CC-4B78-88EF-9F80085984A0}.Release|iPhoneSimulator.Build.0 = Release|Any CPU
		{F1E65C68-37CC-4B78-88EF-9F80085984A0}.Release|x64.ActiveCfg = Release|Any CPU
		{F1E65C68-37CC-4B78-88EF-9F80085984A0}.Release|x64.Build.0 = Release|Any CPU
		{F1E65C68-37CC-4B78-88EF-9F80085984A0}.Release|x86.ActiveCfg = Release|Any CPU
		{F1E65C68-37CC-4B78-88EF-9F80085984A0}.Release|x86.Build.0 = Release|Any CPU
		{F1A2D159-7C8B-4124-9A05-0776D6B0E9A5}.Ad-Hoc|Any CPU.ActiveCfg = Release|x86
		{F1A2D159-7C8B-4124-9A05-0776D6B0E9A5}.Ad-Hoc|Any CPU.Build.0 = Release|x86
		{F1A2D159-7C8B-4124-9A05-0776D6B0E9A5}.Ad-Hoc|Any CPU.Deploy.0 = Release|x86
		{F1A2D159-7C8B-4124-9A05-0776D6B0E9A5}.Ad-Hoc|ARM.ActiveCfg = Release|ARM
		{F1A2D159-7C8B-4124-9A05-0776D6B0E9A5}.Ad-Hoc|ARM.Build.0 = Release|ARM
		{F1A2D159-7C8B-4124-9A05-0776D6B0E9A5}.Ad-Hoc|ARM.Deploy.0 = Release|ARM
		{F1A2D159-7C8B-4124-9A05-0776D6B0E9A5}.Ad-Hoc|iPhone.ActiveCfg = Release|x86
		{F1A2D159-7C8B-4124-9A05-0776D6B0E9A5}.Ad-Hoc|iPhone.Build.0 = Release|x86
		{F1A2D159-7C8B-4124-9A05-0776D6B0E9A5}.Ad-Hoc|iPhone.Deploy.0 = Release|x86
		{F1A2D159-7C8B-4124-9A05-0776D6B0E9A5}.Ad-Hoc|iPhoneSimulator.ActiveCfg = Release|x86
		{F1A2D159-7C8B-4124-9A05-0776D6B0E9A5}.Ad-Hoc|iPhoneSimulator.Build.0 = Release|x86
		{F1A2D159-7C8B-4124-9A05-0776D6B0E9A5}.Ad-Hoc|iPhoneSimulator.Deploy.0 = Release|x86
		{F1A2D159-7C8B-4124-9A05-0776D6B0E9A5}.Ad-Hoc|x64.ActiveCfg = Release|x64
		{F1A2D159-7C8B-4124-9A05-0776D6B0E9A5}.Ad-Hoc|x64.Build.0 = Release|x64
		{F1A2D159-7C8B-4124-9A05-0776D6B0E9A5}.Ad-Hoc|x64.Deploy.0 = Release|x64
		{F1A2D159-7C8B-4124-9A05-0776D6B0E9A5}.Ad-Hoc|x86.ActiveCfg = Release|x86
		{F1A2D159-7C8B-4124-9A05-0776D6B0E9A5}.Ad-Hoc|x86.Build.0 = Release|x86
		{F1A2D159-7C8B-4124-9A05-0776D6B0E9A5}.Ad-Hoc|x86.Deploy.0 = Release|x86
		{F1A2D159-7C8B-4124-9A05-0776D6B0E9A5}.AppStore|Any CPU.ActiveCfg = Release|x86
		{F1A2D159-7C8B-4124-9A05-0776D6B0E9A5}.AppStore|Any CPU.Build.0 = Release|x86
		{F1A2D159-7C8B-4124-9A05-0776D6B0E9A5}.AppStore|Any CPU.Deploy.0 = Release|x86
		{F1A2D159-7C8B-4124-9A05-0776D6B0E9A5}.AppStore|ARM.ActiveCfg = Release|ARM
		{F1A2D159-7C8B-4124-9A05-0776D6B0E9A5}.AppStore|ARM.Build.0 = Release|ARM
		{F1A2D159-7C8B-4124-9A05-0776D6B0E9A5}.AppStore|ARM.Deploy.0 = Release|ARM
		{F1A2D159-7C8B-4124-9A05-0776D6B0E9A5}.AppStore|iPhone.ActiveCfg = Release|x86
		{F1A2D159-7C8B-4124-9A05-0776D6B0E9A5}.AppStore|iPhone.Build.0 = Release|x86
		{F1A2D159-7C8B-4124-9A05-0776D6B0E9A5}.AppStore|iPhone.Deploy.0 = Release|x86
		{F1A2D159-7C8B-4124-9A05-0776D6B0E9A5}.AppStore|iPhoneSimulator.ActiveCfg = Release|x86
		{F1A2D159-7C8B-4124-9A05-0776D6B0E9A5}.AppStore|iPhoneSimulator.Build.0 = Release|x86
		{F1A2D159-7C8B-4124-9A05-0776D6B0E9A5}.AppStore|iPhoneSimulator.Deploy.0 = Release|x86
		{F1A2D159-7C8B-4124-9A05-0776D6B0E9A5}.AppStore|x64.ActiveCfg = Release|x64
		{F1A2D159-7C8B-4124-9A05-0776D6B0E9A5}.AppStore|x64.Build.0 = Release|x64
		{F1A2D159-7C8B-4124-9A05-0776D6B0E9A5}.AppStore|x64.Deploy.0 = Release|x64
		{F1A2D159-7C8B-4124-9A05-0776D6B0E9A5}.AppStore|x86.ActiveCfg = Release|x86
		{F1A2D159-7C8B-4124-9A05-0776D6B0E9A5}.AppStore|x86.Build.0 = Release|x86
		{F1A2D159-7C8B-4124-9A05-0776D6B0E9A5}.AppStore|x86.Deploy.0 = Release|x86
		{F1A2D159-7C8B-4124-9A05-0776D6B0E9A5}.Debug|Any CPU.ActiveCfg = Debug|x86
		{F1A2D159-7C8B-4124-9A05-0776D6B0E9A5}.Debug|Any CPU.Build.0 = Debug|x86
		{F1A2D159-7C8B-4124-9A05-0776D6B0E9A5}.Debug|Any CPU.Deploy.0 = Debug|x86
		{F1A2D159-7C8B-4124-9A05-0776D6B0E9A5}.Debug|ARM.ActiveCfg = Debug|ARM
		{F1A2D159-7C8B-4124-9A05-0776D6B0E9A5}.Debug|ARM.Build.0 = Debug|ARM
		{F1A2D159-7C8B-4124-9A05-0776D6B0E9A5}.Debug|ARM.Deploy.0 = Debug|ARM
		{F1A2D159-7C8B-4124-9A05-0776D6B0E9A5}.Debug|iPhone.ActiveCfg = Debug|x86
		{F1A2D159-7C8B-4124-9A05-0776D6B0E9A5}.Debug|iPhoneSimulator.ActiveCfg = Debug|x86
		{F1A2D159-7C8B-4124-9A05-0776D6B0E9A5}.Debug|x64.ActiveCfg = Debug|x64
		{F1A2D159-7C8B-4124-9A05-0776D6B0E9A5}.Debug|x64.Build.0 = Debug|x64
		{F1A2D159-7C8B-4124-9A05-0776D6B0E9A5}.Debug|x64.Deploy.0 = Debug|x64
		{F1A2D159-7C8B-4124-9A05-0776D6B0E9A5}.Debug|x86.ActiveCfg = Debug|x86
		{F1A2D159-7C8B-4124-9A05-0776D6B0E9A5}.Debug|x86.Build.0 = Debug|x86
		{F1A2D159-7C8B-4124-9A05-0776D6B0E9A5}.Debug|x86.Deploy.0 = Debug|x86
		{F1A2D159-7C8B-4124-9A05-0776D6B0E9A5}.Release|Any CPU.ActiveCfg = Release|x86
		{F1A2D159-7C8B-4124-9A05-0776D6B0E9A5}.Release|ARM.ActiveCfg = Release|ARM
		{F1A2D159-7C8B-4124-9A05-0776D6B0E9A5}.Release|ARM.Build.0 = Release|ARM
		{F1A2D159-7C8B-4124-9A05-0776D6B0E9A5}.Release|ARM.Deploy.0 = Release|ARM
		{F1A2D159-7C8B-4124-9A05-0776D6B0E9A5}.Release|iPhone.ActiveCfg = Release|x86
		{F1A2D159-7C8B-4124-9A05-0776D6B0E9A5}.Release|iPhoneSimulator.ActiveCfg = Release|x86
		{F1A2D159-7C8B-4124-9A05-0776D6B0E9A5}.Release|x64.ActiveCfg = Release|x64
		{F1A2D159-7C8B-4124-9A05-0776D6B0E9A5}.Release|x64.Build.0 = Release|x64
		{F1A2D159-7C8B-4124-9A05-0776D6B0E9A5}.Release|x64.Deploy.0 = Release|x64
		{F1A2D159-7C8B-4124-9A05-0776D6B0E9A5}.Release|x86.ActiveCfg = Release|x86
		{F1A2D159-7C8B-4124-9A05-0776D6B0E9A5}.Release|x86.Build.0 = Release|x86
		{F1A2D159-7C8B-4124-9A05-0776D6B0E9A5}.Release|x86.Deploy.0 = Release|x86
		{2AC82DC1-6461-463D-858D-2880C9AD960E}.Ad-Hoc|Any CPU.ActiveCfg = Ad-Hoc|iPhone
		{2AC82DC1-6461-463D-858D-2880C9AD960E}.Ad-Hoc|ARM.ActiveCfg = Ad-Hoc|iPhone
		{2AC82DC1-6461-463D-858D-2880C9AD960E}.Ad-Hoc|iPhone.ActiveCfg = Ad-Hoc|iPhone
		{2AC82DC1-6461-463D-858D-2880C9AD960E}.Ad-Hoc|iPhone.Build.0 = Ad-Hoc|iPhone
		{2AC82DC1-6461-463D-858D-2880C9AD960E}.Ad-Hoc|iPhoneSimulator.ActiveCfg = Ad-Hoc|iPhoneSimulator
		{2AC82DC1-6461-463D-858D-2880C9AD960E}.Ad-Hoc|iPhoneSimulator.Build.0 = Ad-Hoc|iPhoneSimulator
		{2AC82DC1-6461-463D-858D-2880C9AD960E}.Ad-Hoc|x64.ActiveCfg = Ad-Hoc|iPhone
		{2AC82DC1-6461-463D-858D-2880C9AD960E}.Ad-Hoc|x86.ActiveCfg = Ad-Hoc|iPhone
		{2AC82DC1-6461-463D-858D-2880C9AD960E}.AppStore|Any CPU.ActiveCfg = AppStore|iPhone
		{2AC82DC1-6461-463D-858D-2880C9AD960E}.AppStore|ARM.ActiveCfg = AppStore|iPhone
		{2AC82DC1-6461-463D-858D-2880C9AD960E}.AppStore|iPhone.ActiveCfg = AppStore|iPhone
		{2AC82DC1-6461-463D-858D-2880C9AD960E}.AppStore|iPhone.Build.0 = AppStore|iPhone
		{2AC82DC1-6461-463D-858D-2880C9AD960E}.AppStore|iPhoneSimulator.ActiveCfg = AppStore|iPhoneSimulator
		{2AC82DC1-6461-463D-858D-2880C9AD960E}.AppStore|iPhoneSimulator.Build.0 = AppStore|iPhoneSimulator
		{2AC82DC1-6461-463D-858D-2880C9AD960E}.AppStore|x64.ActiveCfg = AppStore|iPhone
		{2AC82DC1-6461-463D-858D-2880C9AD960E}.AppStore|x86.ActiveCfg = AppStore|iPhone
		{2AC82DC1-6461-463D-858D-2880C9AD960E}.Debug|Any CPU.ActiveCfg = Debug|iPhone
		{2AC82DC1-6461-463D-858D-2880C9AD960E}.Debug|ARM.ActiveCfg = Debug|iPhone
		{2AC82DC1-6461-463D-858D-2880C9AD960E}.Debug|iPhone.ActiveCfg = Debug|iPhone
		{2AC82DC1-6461-463D-858D-2880C9AD960E}.Debug|iPhone.Build.0 = Debug|iPhone
		{2AC82DC1-6461-463D-858D-2880C9AD960E}.Debug|iPhoneSimulator.ActiveCfg = Debug|iPhoneSimulator
		{2AC82DC1-6461-463D-858D-2880C9AD960E}.Debug|iPhoneSimulator.Build.0 = Debug|iPhoneSimulator
		{2AC82DC1-6461-463D-858D-2880C9AD960E}.Debug|x64.ActiveCfg = Debug|iPhone
		{2AC82DC1-6461-463D-858D-2880C9AD960E}.Debug|x86.ActiveCfg = Debug|iPhone
		{2AC82DC1-6461-463D-858D-2880C9AD960E}.Release|Any CPU.ActiveCfg = Release|iPhone
		{2AC82DC1-6461-463D-858D-2880C9AD960E}.Release|ARM.ActiveCfg = Release|iPhone
		{2AC82DC1-6461-463D-858D-2880C9AD960E}.Release|iPhone.ActiveCfg = Release|iPhone
		{2AC82DC1-6461-463D-858D-2880C9AD960E}.Release|iPhone.Build.0 = Release|iPhone
		{2AC82DC1-6461-463D-858D-2880C9AD960E}.Release|iPhoneSimulator.ActiveCfg = Release|iPhoneSimulator
		{2AC82DC1-6461-463D-858D-2880C9AD960E}.Release|iPhoneSimulator.Build.0 = Release|iPhoneSimulator
		{2AC82DC1-6461-463D-858D-2880C9AD960E}.Release|x64.ActiveCfg = Release|iPhone
		{2AC82DC1-6461-463D-858D-2880C9AD960E}.Release|x86.ActiveCfg = Release|iPhone
	EndGlobalSection
	GlobalSection(SolutionProperties) = preSolution
		HideSolutionNode = FALSE
	EndGlobalSection
EndGlobal
